
Microsoft Visual Studio Solution File, Format Version 12.00
# Visual Studio 15
VisualStudioVersion = 15.0.33403.129
MinimumVisualStudioVersion = 10.0.40219.1
Project("{FAE04EC0-301F-11D3-BF4B-00C04F79EFBC}") = "TestCombo", "TestCombo\TestCombo.csproj", "{AD59F583-61E2-4E99-8365-2698CDF8BABD}"
EndProject
Global
	GlobalSection(SolutionConfigurationPlatforms) = preSolution
		Debug|Any CPU = Debug|Any CPU
		Release|Any CPU = Release|Any CPU
	EndGlobalSection
	GlobalSection(ProjectConfigurationPlatforms) = postSolution
		{AD59F583-61E2-4E99-8365-2698CDF8BABD}.Debug|Any CPU.ActiveCfg = Debug|Any CPU
		{AD59F583-61E2-4E99-8365-2698CDF8BABD}.Debug|Any CPU.Build.0 = Debug|Any CPU
		{AD59F583-61E2-4E99-8365-2698CDF8BABD}.Release|Any CPU.ActiveCfg = Release|Any CPU
		{AD59F583-61E2-4E99-8365-2698CDF8BABD}.Release|Any CPU.Build.0 = Release|Any CPU
	EndGlobalSection
	GlobalSection(SolutionProperties) = preSolution
		HideSolutionNode = FALSE
	EndGlobalSection
	GlobalSection(ExtensibilityGlobals) = postSolution
		SolutionGuid = {A011E348-DB69-443D-B7AB-1AD18B471887}
	EndGlobalSection
EndGlobal
